
Microsoft Visual Studio Solution File, Format Version 12.00
# Visual Studio Version 16
VisualStudioVersion = 16.0.30320.27
MinimumVisualStudioVersion = 10.0.40219.1
Project("{FAE04EC0-301F-11D3-BF4B-00C04F79EFBC}") = "DxfTest", "DxfTest\DxfTest.csproj", "{269C2A74-AF44-40B6-A0E4-9886553C8383}"
EndProject
Project("{FAE04EC0-301F-11D3-BF4B-00C04F79EFBC}") = "WebAsp", "WebAsp\WebAsp.csproj", "{8A5CC5F4-42D9-400C-9CF3-6935A9801769}"
EndProject
Global
	GlobalSection(SolutionConfigurationPlatforms) = preSolution
		Debug|Any CPU = Debug|Any CPU
		Release|Any CPU = Release|Any CPU
	EndGlobalSection
	GlobalSection(ProjectConfigurationPlatforms) = postSolution
		{269C2A74-AF44-40B6-A0E4-9886553C8383}.Debug|Any CPU.ActiveCfg = Debug|Any CPU
		{269C2A74-AF44-40B6-A0E4-9886553C8383}.Debug|Any CPU.Build.0 = Debug|Any CPU
		{269C2A74-AF44-40B6-A0E4-9886553C8383}.Release|Any CPU.ActiveCfg = Release|Any CPU
		{269C2A74-AF44-40B6-A0E4-9886553C8383}.Release|Any CPU.Build.0 = Release|Any CPU
		{8A5CC5F4-42D9-400C-9CF3-6935A9801769}.Debug|Any CPU.ActiveCfg = Debug|Any CPU
		{8A5CC5F4-42D9-400C-9CF3-6935A9801769}.Debug|Any CPU.Build.0 = Debug|Any CPU
		{8A5CC5F4-42D9-400C-9CF3-6935A9801769}.Release|Any CPU.ActiveCfg = Release|Any CPU
		{8A5CC5F4-42D9-400C-9CF3-6935A9801769}.Release|Any CPU.Build.0 = Release|Any CPU
	EndGlobalSection
	GlobalSection(SolutionProperties) = preSolution
		HideSolutionNode = FALSE
	EndGlobalSection
	GlobalSection(ExtensibilityGlobals) = postSolution
		SolutionGuid = {6B51C79D-4EEB-4813-A095-54FEA93822D8}
	EndGlobalSection
EndGlobal
